
Microsoft Visual Studio Solution File, Format Version 12.00
# Visual Studio Version 16
VisualStudioVersion = 16.0.31911.196
MinimumVisualStudioVersion = 10.0.40219.1
Project("{FAE04EC0-301F-11D3-BF4B-00C04F79EFBC}") = "P324_Sealed_Struct_Generic", "P324_Sealed_Struct_Generic\P324_Sealed_Struct_Generic.csproj", "{FACE954D-0724-43E1-BD97-DAA59AFD5757}"
EndProject
Global
	GlobalSection(SolutionConfigurationPlatforms) = preSolution
		Debug|Any CPU = Debug|Any CPU
		Release|Any CPU = Release|Any CPU
	EndGlobalSection
	GlobalSection(ProjectConfigurationPlatforms) = postSolution
		{FACE954D-0724-43E1-BD97-DAA59AFD5757}.Debug|Any CPU.ActiveCfg = Debug|Any CPU
		{FACE954D-0724-43E1-BD97-DAA59AFD5757}.Debug|Any CPU.Build.0 = Debug|Any CPU
		{FACE954D-0724-43E1-BD97-DAA59AFD5757}.Release|Any CPU.ActiveCfg = Release|Any CPU
		{FACE954D-0724-43E1-BD97-DAA59AFD5757}.Release|Any CPU.Build.0 = Release|Any CPU
	EndGlobalSection
	GlobalSection(SolutionProperties) = preSolution
		HideSolutionNode = FALSE
	EndGlobalSection
	GlobalSection(ExtensibilityGlobals) = postSolution
		SolutionGuid = {F307F667-4D27-4A61-9A90-7C481C65F614}
	EndGlobalSection
EndGlobal
